
Microsoft Visual Studio Solution File, Format Version 12.00
# Visual Studio Version 17
VisualStudioVersion = 17.3.32929.385
MinimumVisualStudioVersion = 10.0.40219.1
Project("{9A19103F-16F7-4668-BE54-9A1E7A4F7556}") = "EierfarmBl", "EierfarmBl\EierfarmBl.csproj", "{B49A786E-99FE-486A-93E8-CA5F66A90098}"
EndProject
Project("{9A19103F-16F7-4668-BE54-9A1E7A4F7556}") = "EierfarmUnitTests", "EierfarmUnitTests\EierfarmUnitTests.csproj", "{2FCD220E-1038-45A9-9E11-A1DCDD862F87}"
EndProject
Project("{9A19103F-16F7-4668-BE54-9A1E7A4F7556}") = "EierfarmUi", "EierfarmUi\EierfarmUi.csproj", "{1293FB98-DE11-40C6-864C-78F73EEA20E1}"
EndProject
Project("{FAE04EC0-301F-11D3-BF4B-00C04F79EFBC}") = "EierfarmUiMvvM", "EierfarmUiMvvM\EierfarmUiMvvM.csproj", "{1F66A114-2760-4F8B-81EB-FA41D98C6C2E}"
EndProject
Global
	GlobalSection(SolutionConfigurationPlatforms) = preSolution
		Debug|Any CPU = Debug|Any CPU
		Release|Any CPU = Release|Any CPU
	EndGlobalSection
	GlobalSection(ProjectConfigurationPlatforms) = postSolution
		{B49A786E-99FE-486A-93E8-CA5F66A90098}.Debug|Any CPU.ActiveCfg = Debug|Any CPU
		{B49A786E-99FE-486A-93E8-CA5F66A90098}.Debug|Any CPU.Build.0 = Debug|Any CPU
		{B49A786E-99FE-486A-93E8-CA5F66A90098}.Release|Any CPU.ActiveCfg = Release|Any CPU
		{B49A786E-99FE-486A-93E8-CA5F66A90098}.Release|Any CPU.Build.0 = Release|Any CPU
		{2FCD220E-1038-45A9-9E11-A1DCDD862F87}.Debug|Any CPU.ActiveCfg = Debug|Any CPU
		{2FCD220E-1038-45A9-9E11-A1DCDD862F87}.Debug|Any CPU.Build.0 = Debug|Any CPU
		{2FCD220E-1038-45A9-9E11-A1DCDD862F87}.Release|Any CPU.ActiveCfg = Release|Any CPU
		{2FCD220E-1038-45A9-9E11-A1DCDD862F87}.Release|Any CPU.Build.0 = Release|Any CPU
		{1293FB98-DE11-40C6-864C-78F73EEA20E1}.Debug|Any CPU.ActiveCfg = Debug|Any CPU
		{1293FB98-DE11-40C6-864C-78F73EEA20E1}.Debug|Any CPU.Build.0 = Debug|Any CPU
		{1293FB98-DE11-40C6-864C-78F73EEA20E1}.Release|Any CPU.ActiveCfg = Release|Any CPU
		{1293FB98-DE11-40C6-864C-78F73EEA20E1}.Release|Any CPU.Build.0 = Release|Any CPU
		{1F66A114-2760-4F8B-81EB-FA41D98C6C2E}.Debug|Any CPU.ActiveCfg = Debug|Any CPU
		{1F66A114-2760-4F8B-81EB-FA41D98C6C2E}.Debug|Any CPU.Build.0 = Debug|Any CPU
		{1F66A114-2760-4F8B-81EB-FA41D98C6C2E}.Release|Any CPU.ActiveCfg = Release|Any CPU
		{1F66A114-2760-4F8B-81EB-FA41D98C6C2E}.Release|Any CPU.Build.0 = Release|Any CPU
	EndGlobalSection
	GlobalSection(SolutionProperties) = preSolution
		HideSolutionNode = FALSE
	EndGlobalSection
	GlobalSection(ExtensibilityGlobals) = postSolution
		SolutionGuid = {8E415321-50B2-4E99-80D9-6A62F192FD6A}
	EndGlobalSection
EndGlobal
